
Microsoft Visual Studio Solution File, Format Version 12.00
# Visual Studio Version 17
VisualStudioVersion = 17.14.36301.6
MinimumVisualStudioVersion = 10.0.40219.1
Project("{2150E333-8FDC-42A3-9474-1A3956D46DE8}") = "UserService", "UserService", "{02EA681E-C7D8-13C7-8484-4AC65E1B71E8}"
EndProject
Project("{2150E333-8FDC-42A3-9474-1A3956D46DE8}") = "SendEmailService", "SendEmailService", "{5E49E7EC-6F14-4924-9C7D-04A745938E62}"
EndProject
Project("{2150E333-8FDC-42A3-9474-1A3956D46DE8}") = "ControlService", "ControlService", "{27DD090D-059F-4F58-AB42-E367FE577609}"
EndProject
Project("{2150E333-8FDC-42A3-9474-1A3956D46DE8}") = "Src", "Src", "{C316B2A9-68D7-48C6-9C24-3E7A87F5CB6E}"
EndProject
Project("{2150E333-8FDC-42A3-9474-1A3956D46DE8}") = "Common", "Common", "{86647586-87AF-428D-AC48-39282A1C5EB7}"
EndProject
Project("{2150E333-8FDC-42A3-9474-1A3956D46DE8}") = "Core", "Core", "{63E126A5-0D6B-43D5-B283-3D3A8D7C3FB3}"
EndProject
Project("{2150E333-8FDC-42A3-9474-1A3956D46DE8}") = "Infrastructure", "Infrastructure", "{96D41205-C96C-4A49-AD4D-7809BC071425}"
EndProject
Project("{2150E333-8FDC-42A3-9474-1A3956D46DE8}") = "Presentation", "Presentation", "{DA5B7496-7C97-4AD6-B882-2974161D4788}"
EndProject
Project("{FAE04EC0-301F-11D3-BF4B-00C04F79EFBC}") = "ControlApplication", "Application\ControlApplication.csproj", "{CF985807-92DF-4D1B-AFA7-4B9A7D362224}"
EndProject
Project("{FAE04EC0-301F-11D3-BF4B-00C04F79EFBC}") = "ControlDomain", "Domain\ControlDomain.csproj", "{FD743388-C893-4E50-925A-75812DECA4CA}"
EndProject
Project("{FAE04EC0-301F-11D3-BF4B-00C04F79EFBC}") = "ControlPersistence", "Persistence\ControlPersistence.csproj", "{5F26246A-C52A-410F-A6FE-605D4739AC0B}"
EndProject
Project("{FAE04EC0-301F-11D3-BF4B-00C04F79EFBC}") = "ControlInfrastructure", "Infrastructure\ControlInfrastructure.csproj", "{5178808E-E02D-4080-A060-D3260BC410A5}"
EndProject
Project("{2150E333-8FDC-42A3-9474-1A3956D46DE8}") = "Src", "Src", "{1DB979BE-D00E-4916-9F58-73DFD6D50473}"
EndProject
Project("{2150E333-8FDC-42A3-9474-1A3956D46DE8}") = "Common", "Common", "{B7792AF9-DE9A-4522-AE2B-BDF549663816}"
EndProject
Project("{2150E333-8FDC-42A3-9474-1A3956D46DE8}") = "Core", "Core", "{AC14CA70-E267-4867-ADA4-65C4B7F29370}"
EndProject
Project("{FAE04EC0-301F-11D3-BF4B-00C04F79EFBC}") = "SendEmailApplication", "SendEmailApplication\SendEmailApplication.csproj", "{DEB30702-9C8F-449C-97ED-136B563DC7B6}"
EndProject
Project("{FAE04EC0-301F-11D3-BF4B-00C04F79EFBC}") = "SendEmailDomain", "SendEmailDomain\SendEmailDomain.csproj", "{1D304EE5-5D06-48E1-A87E-65EDFCC7E0C1}"
EndProject
Project("{2150E333-8FDC-42A3-9474-1A3956D46DE8}") = "Infrastructure", "Infrastructure", "{34FBDA58-C419-4449-B522-BD8C7CAD432D}"
EndProject
Project("{FAE04EC0-301F-11D3-BF4B-00C04F79EFBC}") = "SendEmailInfrastructure", "SendEmailInfrastructure\SendEmailInfrastructure.csproj", "{3CC0420F-D8B7-49DD-80EE-CDD9E1782F31}"
EndProject
Project("{FAE04EC0-301F-11D3-BF4B-00C04F79EFBC}") = "SendEmailPersistence", "SendEmailPersistence\SendEmailPersistence.csproj", "{012876BA-C669-4FF8-8665-75408EE7EE0C}"
EndProject
Project("{2150E333-8FDC-42A3-9474-1A3956D46DE8}") = "Presentation", "Presentation", "{73717F4F-CE8C-4AEB-92BE-6D28C742BD64}"
EndProject
Project("{FAE04EC0-301F-11D3-BF4B-00C04F79EFBC}") = "SendEmailEndPoint", "SendEmailEndPoint\SendEmailEndPoint.csproj", "{532FBBF0-354D-476E-92BA-4222DEA1B668}"
EndProject
Project("{2150E333-8FDC-42A3-9474-1A3956D46DE8}") = "Src", "Src", "{1CAF3B9C-D88A-4C40-BA81-2BA74361A9F2}"
EndProject
Project("{2150E333-8FDC-42A3-9474-1A3956D46DE8}") = "Common", "Common", "{BA3D89DF-596B-4611-AD1B-13D235C90EE8}"
EndProject
Project("{2150E333-8FDC-42A3-9474-1A3956D46DE8}") = "Core", "Core", "{61F27BDD-264B-49B5-9833-BB7CA0F3396F}"
EndProject
Project("{2150E333-8FDC-42A3-9474-1A3956D46DE8}") = "Infrustructure", "Infrustructure", "{04F17327-EB97-4DB1-9FF5-EACC27ADD3C5}"
EndProject
Project("{2150E333-8FDC-42A3-9474-1A3956D46DE8}") = "Presentation", "Presentation", "{0D0BCDBB-56AF-45D0-8623-B3696CCC3F27}"
EndProject
Project("{FAE04EC0-301F-11D3-BF4B-00C04F79EFBC}") = "UserApplication", "UserApplication\UserApplication.csproj", "{E8A54404-3BDF-4317-9777-1AACA59796B0}"
EndProject
Project("{FAE04EC0-301F-11D3-BF4B-00C04F79EFBC}") = "UserDomain", "UserDomain\UserDomain.csproj", "{D1BD7086-2FB3-45C1-B3F5-1BA41E72E1EA}"
EndProject
Project("{FAE04EC0-301F-11D3-BF4B-00C04F79EFBC}") = "UserInfrastructure", "UserInfrastructure\UserInfrastructure.csproj", "{D6964357-8C71-461E-BBAE-66819512AD0E}"
EndProject
Project("{FAE04EC0-301F-11D3-BF4B-00C04F79EFBC}") = "UserPersistence", "UserPersistence\UserPersistence.csproj", "{E34A2A15-B2BC-4D3E-88C9-439BE2F49183}"
EndProject
Project("{FAE04EC0-301F-11D3-BF4B-00C04F79EFBC}") = "UserEndPoint", "UserEndPoint\UserEndPoint.csproj", "{EF872D01-39EE-4D5E-B4E7-CBAB1EBC6977}"
EndProject
Project("{2150E333-8FDC-42A3-9474-1A3956D46DE8}") = "MicroServices", "MicroServices", "{762DE2F4-F191-45B4-BCEA-B7974E396D33}"
	ProjectSection(SolutionItems) = preProject
		docker-compose.yml = docker-compose.yml
	EndProjectSection
EndProject
Project("{2150E333-8FDC-42A3-9474-1A3956D46DE8}") = "Client", "Client", "{DB4664B4-7E7C-45FA-894A-2155045475B8}"
EndProject
Project("{FAE04EC0-301F-11D3-BF4B-00C04F79EFBC}") = "Client", "Client\Client.csproj", "{124ECBD3-7E0E-4809-B5BE-6E67973ADA5A}"
EndProject
Project("{FAE04EC0-301F-11D3-BF4B-00C04F79EFBC}") = "ControlWebAPI", "ControlWebAPI\ControlWebAPI.csproj", "{FD82B1F3-4D05-4DA6-805C-04E208DC700D}"
EndProject
Project("{2150E333-8FDC-42A3-9474-1A3956D46DE8}") = "Gateway", "Gateway", "{6CE70993-EB87-4265-B036-C297904CE3F9}"
EndProject
Project("{2150E333-8FDC-42A3-9474-1A3956D46DE8}") = "ToolsService", "ToolsService", "{51600844-7FE9-48A9-B701-204374CA0015}"
EndProject
Project("{FAE04EC0-301F-11D3-BF4B-00C04F79EFBC}") = "ToolsWebApi", "ToolsWebApi\ToolsWebApi.csproj", "{07911FCB-0B46-4D0A-9A6E-4C1711915E15}"
EndProject
Project("{2150E333-8FDC-42A3-9474-1A3956D46DE8}") = "MicroServicesContracts", "MicroServicesContracts", "{3B1833E7-AE11-4B00-8D68-23E523313BFD}"
EndProject
Project("{FAE04EC0-301F-11D3-BF4B-00C04F79EFBC}") = "Contracts", "Contracts\Contracts.csproj", "{2A2DCC03-0BE3-4777-99C7-2489EC99BE14}"
EndProject
Project("{FAE04EC0-301F-11D3-BF4B-00C04F79EFBC}") = "GatewayOcelot", "GatewayOcelot\GatewayOcelot.csproj", "{995238F1-E3C8-49BB-8224-38CC914870C1}"
EndProject
Project("{2150E333-8FDC-42A3-9474-1A3956D46DE8}") = "Common", "Common", "{DD2654EE-7CFD-4330-A713-5F0B22D39689}"
	ProjectSection(SolutionItems) = preProject
		entrypoint.sh = entrypoint.sh
	EndProjectSection
EndProject
Global
	GlobalSection(SolutionConfigurationPlatforms) = preSolution
		Debug|Any CPU = Debug|Any CPU
		Release|Any CPU = Release|Any CPU
	EndGlobalSection
	GlobalSection(ProjectConfigurationPlatforms) = postSolution
		{CF985807-92DF-4D1B-AFA7-4B9A7D362224}.Debug|Any CPU.ActiveCfg = Debug|Any CPU
		{CF985807-92DF-4D1B-AFA7-4B9A7D362224}.Debug|Any CPU.Build.0 = Debug|Any CPU
		{CF985807-92DF-4D1B-AFA7-4B9A7D362224}.Release|Any CPU.ActiveCfg = Release|Any CPU
		{CF985807-92DF-4D1B-AFA7-4B9A7D362224}.Release|Any CPU.Build.0 = Release|Any CPU
		{FD743388-C893-4E50-925A-75812DECA4CA}.Debug|Any CPU.ActiveCfg = Debug|Any CPU
		{FD743388-C893-4E50-925A-75812DECA4CA}.Debug|Any CPU.Build.0 = Debug|Any CPU
		{FD743388-C893-4E50-925A-75812DECA4CA}.Release|Any CPU.ActiveCfg = Release|Any CPU
		{FD743388-C893-4E50-925A-75812DECA4CA}.Release|Any CPU.Build.0 = Release|Any CPU
		{5F26246A-C52A-410F-A6FE-605D4739AC0B}.Debug|Any CPU.ActiveCfg = Debug|Any CPU
		{5F26246A-C52A-410F-A6FE-605D4739AC0B}.Debug|Any CPU.Build.0 = Debug|Any CPU
		{5F26246A-C52A-410F-A6FE-605D4739AC0B}.Release|Any CPU.ActiveCfg = Release|Any CPU
		{5F26246A-C52A-410F-A6FE-605D4739AC0B}.Release|Any CPU.Build.0 = Release|Any CPU
		{5178808E-E02D-4080-A060-D3260BC410A5}.Debug|Any CPU.ActiveCfg = Debug|Any CPU
		{5178808E-E02D-4080-A060-D3260BC410A5}.Debug|Any CPU.Build.0 = Debug|Any CPU
		{5178808E-E02D-4080-A060-D3260BC410A5}.Release|Any CPU.ActiveCfg = Release|Any CPU
		{5178808E-E02D-4080-A060-D3260BC410A5}.Release|Any CPU.Build.0 = Release|Any CPU
		{DEB30702-9C8F-449C-97ED-136B563DC7B6}.Debug|Any CPU.ActiveCfg = Debug|Any CPU
		{DEB30702-9C8F-449C-97ED-136B563DC7B6}.Debug|Any CPU.Build.0 = Debug|Any CPU
		{DEB30702-9C8F-449C-97ED-136B563DC7B6}.Release|Any CPU.ActiveCfg = Release|Any CPU
		{DEB30702-9C8F-449C-97ED-136B563DC7B6}.Release|Any CPU.Build.0 = Release|Any CPU
		{1D304EE5-5D06-48E1-A87E-65EDFCC7E0C1}.Debug|Any CPU.ActiveCfg = Debug|Any CPU
		{1D304EE5-5D06-48E1-A87E-65EDFCC7E0C1}.Debug|Any CPU.Build.0 = Debug|Any CPU
		{1D304EE5-5D06-48E1-A87E-65EDFCC7E0C1}.Release|Any CPU.ActiveCfg = Release|Any CPU
		{1D304EE5-5D06-48E1-A87E-65EDFCC7E0C1}.Release|Any CPU.Build.0 = Release|Any CPU
		{3CC0420F-D8B7-49DD-80EE-CDD9E1782F31}.Debug|Any CPU.ActiveCfg = Debug|Any CPU
		{3CC0420F-D8B7-49DD-80EE-CDD9E1782F31}.Debug|Any CPU.Build.0 = Debug|Any CPU
		{3CC0420F-D8B7-49DD-80EE-CDD9E1782F31}.Release|Any CPU.ActiveCfg = Release|Any CPU
		{3CC0420F-D8B7-49DD-80EE-CDD9E1782F31}.Release|Any CPU.Build.0 = Release|Any CPU
		{012876BA-C669-4FF8-8665-75408EE7EE0C}.Debug|Any CPU.ActiveCfg = Debug|Any CPU
		{012876BA-C669-4FF8-8665-75408EE7EE0C}.Debug|Any CPU.Build.0 = Debug|Any CPU
		{012876BA-C669-4FF8-8665-75408EE7EE0C}.Release|Any CPU.ActiveCfg = Release|Any CPU
		{012876BA-C669-4FF8-8665-75408EE7EE0C}.Release|Any CPU.Build.0 = Release|Any CPU
		{532FBBF0-354D-476E-92BA-4222DEA1B668}.Debug|Any CPU.ActiveCfg = Debug|Any CPU
		{532FBBF0-354D-476E-92BA-4222DEA1B668}.Debug|Any CPU.Build.0 = Debug|Any CPU
		{532FBBF0-354D-476E-92BA-4222DEA1B668}.Release|Any CPU.ActiveCfg = Release|Any CPU
		{532FBBF0-354D-476E-92BA-4222DEA1B668}.Release|Any CPU.Build.0 = Release|Any CPU
		{E8A54404-3BDF-4317-9777-1AACA59796B0}.Debug|Any CPU.ActiveCfg = Debug|Any CPU
		{E8A54404-3BDF-4317-9777-1AACA59796B0}.Debug|Any CPU.Build.0 = Debug|Any CPU
		{E8A54404-3BDF-4317-9777-1AACA59796B0}.Release|Any CPU.ActiveCfg = Release|Any CPU
		{E8A54404-3BDF-4317-9777-1AACA59796B0}.Release|Any CPU.Build.0 = Release|Any CPU
		{D1BD7086-2FB3-45C1-B3F5-1BA41E72E1EA}.Debug|Any CPU.ActiveCfg = Debug|Any CPU
		{D1BD7086-2FB3-45C1-B3F5-1BA41E72E1EA}.Debug|Any CPU.Build.0 = Debug|Any CPU
		{D1BD7086-2FB3-45C1-B3F5-1BA41E72E1EA}.Release|Any CPU.ActiveCfg = Release|Any CPU
		{D1BD7086-2FB3-45C1-B3F5-1BA41E72E1EA}.Release|Any CPU.Build.0 = Release|Any CPU
		{D6964357-8C71-461E-BBAE-66819512AD0E}.Debug|Any CPU.ActiveCfg = Debug|Any CPU
		{D6964357-8C71-461E-BBAE-66819512AD0E}.Debug|Any CPU.Build.0 = Debug|Any CPU
		{D6964357-8C71-461E-BBAE-66819512AD0E}.Release|Any CPU.ActiveCfg = Release|Any CPU
		{D6964357-8C71-461E-BBAE-66819512AD0E}.Release|Any CPU.Build.0 = Release|Any CPU
		{E34A2A15-B2BC-4D3E-88C9-439BE2F49183}.Debug|Any CPU.ActiveCfg = Debug|Any CPU
		{E34A2A15-B2BC-4D3E-88C9-439BE2F49183}.Debug|Any CPU.Build.0 = Debug|Any CPU
		{E34A2A15-B2BC-4D3E-88C9-439BE2F49183}.Release|Any CPU.ActiveCfg = Release|Any CPU
		{E34A2A15-B2BC-4D3E-88C9-439BE2F49183}.Release|Any CPU.Build.0 = Release|Any CPU
		{EF872D01-39EE-4D5E-B4E7-CBAB1EBC6977}.Debug|Any CPU.ActiveCfg = Debug|Any CPU
		{EF872D01-39EE-4D5E-B4E7-CBAB1EBC6977}.Debug|Any CPU.Build.0 = Debug|Any CPU
		{EF872D01-39EE-4D5E-B4E7-CBAB1EBC6977}.Release|Any CPU.ActiveCfg = Release|Any CPU
		{EF872D01-39EE-4D5E-B4E7-CBAB1EBC6977}.Release|Any CPU.Build.0 = Release|Any CPU
		{124ECBD3-7E0E-4809-B5BE-6E67973ADA5A}.Debug|Any CPU.ActiveCfg = Debug|Any CPU
		{124ECBD3-7E0E-4809-B5BE-6E67973ADA5A}.Debug|Any CPU.Build.0 = Debug|Any CPU
		{124ECBD3-7E0E-4809-B5BE-6E67973ADA5A}.Release|Any CPU.ActiveCfg = Release|Any CPU
		{124ECBD3-7E0E-4809-B5BE-6E67973ADA5A}.Release|Any CPU.Build.0 = Release|Any CPU
		{FD82B1F3-4D05-4DA6-805C-04E208DC700D}.Debug|Any CPU.ActiveCfg = Debug|Any CPU
		{FD82B1F3-4D05-4DA6-805C-04E208DC700D}.Debug|Any CPU.Build.0 = Debug|Any CPU
		{FD82B1F3-4D05-4DA6-805C-04E208DC700D}.Release|Any CPU.ActiveCfg = Release|Any CPU
		{FD82B1F3-4D05-4DA6-805C-04E208DC700D}.Release|Any CPU.Build.0 = Release|Any CPU
		{07911FCB-0B46-4D0A-9A6E-4C1711915E15}.Debug|Any CPU.ActiveCfg = Debug|Any CPU
		{07911FCB-0B46-4D0A-9A6E-4C1711915E15}.Debug|Any CPU.Build.0 = Debug|Any CPU
		{07911FCB-0B46-4D0A-9A6E-4C1711915E15}.Release|Any CPU.ActiveCfg = Release|Any CPU
		{07911FCB-0B46-4D0A-9A6E-4C1711915E15}.Release|Any CPU.Build.0 = Release|Any CPU
		{2A2DCC03-0BE3-4777-99C7-2489EC99BE14}.Debug|Any CPU.ActiveCfg = Debug|Any CPU
		{2A2DCC03-0BE3-4777-99C7-2489EC99BE14}.Debug|Any CPU.Build.0 = Debug|Any CPU
		{2A2DCC03-0BE3-4777-99C7-2489EC99BE14}.Release|Any CPU.ActiveCfg = Release|Any CPU
		{2A2DCC03-0BE3-4777-99C7-2489EC99BE14}.Release|Any CPU.Build.0 = Release|Any CPU
		{995238F1-E3C8-49BB-8224-38CC914870C1}.Debug|Any CPU.ActiveCfg = Debug|Any CPU
		{995238F1-E3C8-49BB-8224-38CC914870C1}.Debug|Any CPU.Build.0 = Debug|Any CPU
		{995238F1-E3C8-49BB-8224-38CC914870C1}.Release|Any CPU.ActiveCfg = Release|Any CPU
		{995238F1-E3C8-49BB-8224-38CC914870C1}.Release|Any CPU.Build.0 = Release|Any CPU
	EndGlobalSection
	GlobalSection(SolutionProperties) = preSolution
		HideSolutionNode = FALSE
	EndGlobalSection
	GlobalSection(NestedProjects) = preSolution
		{02EA681E-C7D8-13C7-8484-4AC65E1B71E8} = {762DE2F4-F191-45B4-BCEA-B7974E396D33}
		{5E49E7EC-6F14-4924-9C7D-04A745938E62} = {762DE2F4-F191-45B4-BCEA-B7974E396D33}
		{27DD090D-059F-4F58-AB42-E367FE577609} = {762DE2F4-F191-45B4-BCEA-B7974E396D33}
		{C316B2A9-68D7-48C6-9C24-3E7A87F5CB6E} = {27DD090D-059F-4F58-AB42-E367FE577609}
		{86647586-87AF-428D-AC48-39282A1C5EB7} = {C316B2A9-68D7-48C6-9C24-3E7A87F5CB6E}
		{63E126A5-0D6B-43D5-B283-3D3A8D7C3FB3} = {C316B2A9-68D7-48C6-9C24-3E7A87F5CB6E}
		{96D41205-C96C-4A49-AD4D-7809BC071425} = {C316B2A9-68D7-48C6-9C24-3E7A87F5CB6E}
		{DA5B7496-7C97-4AD6-B882-2974161D4788} = {C316B2A9-68D7-48C6-9C24-3E7A87F5CB6E}
		{CF985807-92DF-4D1B-AFA7-4B9A7D362224} = {63E126A5-0D6B-43D5-B283-3D3A8D7C3FB3}
		{FD743388-C893-4E50-925A-75812DECA4CA} = {63E126A5-0D6B-43D5-B283-3D3A8D7C3FB3}
		{5F26246A-C52A-410F-A6FE-605D4739AC0B} = {96D41205-C96C-4A49-AD4D-7809BC071425}
		{5178808E-E02D-4080-A060-D3260BC410A5} = {96D41205-C96C-4A49-AD4D-7809BC071425}
		{1DB979BE-D00E-4916-9F58-73DFD6D50473} = {5E49E7EC-6F14-4924-9C7D-04A745938E62}
		{B7792AF9-DE9A-4522-AE2B-BDF549663816} = {1DB979BE-D00E-4916-9F58-73DFD6D50473}
		{AC14CA70-E267-4867-ADA4-65C4B7F29370} = {1DB979BE-D00E-4916-9F58-73DFD6D50473}
		{DEB30702-9C8F-449C-97ED-136B563DC7B6} = {AC14CA70-E267-4867-ADA4-65C4B7F29370}
		{1D304EE5-5D06-48E1-A87E-65EDFCC7E0C1} = {AC14CA70-E267-4867-ADA4-65C4B7F29370}
		{34FBDA58-C419-4449-B522-BD8C7CAD432D} = {1DB979BE-D00E-4916-9F58-73DFD6D50473}
		{3CC0420F-D8B7-49DD-80EE-CDD9E1782F31} = {34FBDA58-C419-4449-B522-BD8C7CAD432D}
		{012876BA-C669-4FF8-8665-75408EE7EE0C} = {34FBDA58-C419-4449-B522-BD8C7CAD432D}
		{73717F4F-CE8C-4AEB-92BE-6D28C742BD64} = {1DB979BE-D00E-4916-9F58-73DFD6D50473}
		{532FBBF0-354D-476E-92BA-4222DEA1B668} = {73717F4F-CE8C-4AEB-92BE-6D28C742BD64}
		{1CAF3B9C-D88A-4C40-BA81-2BA74361A9F2} = {02EA681E-C7D8-13C7-8484-4AC65E1B71E8}
		{BA3D89DF-596B-4611-AD1B-13D235C90EE8} = {1CAF3B9C-D88A-4C40-BA81-2BA74361A9F2}
		{61F27BDD-264B-49B5-9833-BB7CA0F3396F} = {1CAF3B9C-D88A-4C40-BA81-2BA74361A9F2}
		{04F17327-EB97-4DB1-9FF5-EACC27ADD3C5} = {1CAF3B9C-D88A-4C40-BA81-2BA74361A9F2}
		{0D0BCDBB-56AF-45D0-8623-B3696CCC3F27} = {1CAF3B9C-D88A-4C40-BA81-2BA74361A9F2}
		{E8A54404-3BDF-4317-9777-1AACA59796B0} = {61F27BDD-264B-49B5-9833-BB7CA0F3396F}
		{D1BD7086-2FB3-45C1-B3F5-1BA41E72E1EA} = {61F27BDD-264B-49B5-9833-BB7CA0F3396F}
		{D6964357-8C71-461E-BBAE-66819512AD0E} = {04F17327-EB97-4DB1-9FF5-EACC27ADD3C5}
		{E34A2A15-B2BC-4D3E-88C9-439BE2F49183} = {04F17327-EB97-4DB1-9FF5-EACC27ADD3C5}
		{EF872D01-39EE-4D5E-B4E7-CBAB1EBC6977} = {0D0BCDBB-56AF-45D0-8623-B3696CCC3F27}
		{124ECBD3-7E0E-4809-B5BE-6E67973ADA5A} = {DB4664B4-7E7C-45FA-894A-2155045475B8}
		{FD82B1F3-4D05-4DA6-805C-04E208DC700D} = {DA5B7496-7C97-4AD6-B882-2974161D4788}
		{51600844-7FE9-48A9-B701-204374CA0015} = {762DE2F4-F191-45B4-BCEA-B7974E396D33}
		{07911FCB-0B46-4D0A-9A6E-4C1711915E15} = {51600844-7FE9-48A9-B701-204374CA0015}
		{2A2DCC03-0BE3-4777-99C7-2489EC99BE14} = {3B1833E7-AE11-4B00-8D68-23E523313BFD}
		{995238F1-E3C8-49BB-8224-38CC914870C1} = {6CE70993-EB87-4265-B036-C297904CE3F9}
	EndGlobalSection
	GlobalSection(ExtensibilityGlobals) = postSolution
		SolutionGuid = {851678C5-BB27-48E5-8C14-B07B24E5E40B}
	EndGlobalSection
EndGlobal
